[[package]]
name = "bbcraft"
version = "0.1.0"
dependencies = [
 "bit_utils 0.1.1 (registry+https://github.com/rust-lang/crates.io-index)",
 "byteorder 1.3.1 (registry+https://github.com/rust-lang/crates.io-index)",
 "mc-varint 0.1.3 (git+https://github.com/luojia65/mc-varint)",
 "rjni 0.0.1 (git+https://github.com/benanders/rjni)",
 "toml 0.5.0 (registry+https://github.com/rust-lang/crates.io-index)",
]

[[package]]
name = "bit_utils"
version = "0.1.1"
source = "registry+https://github.com/rust-lang/crates.io-index"

[[package]]
name = "byteorder"
version = "1.3.1"
source = "registry+https://github.com/rust-lang/crates.io-index"

[[package]]
name = "libc"
version = "0.2.51"
source = "registry+https://github.com/rust-lang/crates.io-index"

[[package]]
name = "mc-varint"
version = "0.1.3"
source = "git+https://github.com/luojia65/mc-varint#22f4d3009b191c8bbe28108a8493eca5e56d45e5"

[[package]]
name = "rjni"
version = "0.0.1"
source = "git+https://github.com/benanders/rjni#410eadf8ed29366620b820de8a83d934bb25b529"
dependencies = [
 "libc 0.2.51 (registry+https://github.com/rust-lang/crates.io-index)",
]

[[package]]
name = "serde"
version = "1.0.90"
source = "registry+https://github.com/rust-lang/crates.io-index"

[[package]]
name = "toml"
version = "0.5.0"
source = "registry+https://github.com/rust-lang/crates.io-index"
dependencies = [
 "serde 1.0.90 (registry+https://github.com/rust-lang/crates.io-index)",
]

[metadata]
"checksum bit_utils 0.1.1 (registry+https://github.com/rust-lang/crates.io-index)" = "f8114dca45a04a4bdaf03de9976a3131cf954827757f971d84cd431a9f2cc26d"
"checksum byteorder 1.3.1 (registry+https://github.com/rust-lang/crates.io-index)" = "a019b10a2a7cdeb292db131fc8113e57ea2a908f6e7894b0c3c671893b65dbeb"
"checksum libc 0.2.51 (registry+https://github.com/rust-lang/crates.io-index)" = "bedcc7a809076656486ffe045abeeac163da1b558e963a31e29fbfbeba916917"
"checksum mc-varint 0.1.3 (git+https://github.com/luojia65/mc-varint)" = "<none>"
"checksum rjni 0.0.1 (git+https://github.com/benanders/rjni)" = "<none>"
"checksum serde 1.0.90 (registry+https://github.com/rust-lang/crates.io-index)" = "aa5f7c20820475babd2c077c3ab5f8c77a31c15e16ea38687b4c02d3e48680f4"
"checksum toml 0.5.0 (registry+https://github.com/rust-lang/crates.io-index)" = "87c5890a989fa47ecdc7bcb4c63a77a82c18f306714104b1decfd722db17b39e"
